
Microsoft Visual Studio Solution File, Format Version 12.00
Project("{F2A71F9B-5D33-465A-A702-920D77279786}") = "2023", "2023\2023.fsproj", "{0B3D664A-A904-416C-A326-D98FC3D0E4FE}"
EndProject
Project("{F2A71F9B-5D33-465A-A702-920D77279786}") = "Common", "Common\Common.fsproj", "{70796639-ADA0-4F90-AFFB-5147E668E38F}"
EndProject
Global
	GlobalSection(SolutionConfigurationPlatforms) = preSolution
		Debug|Any CPU = Debug|Any CPU
		Release|Any CPU = Release|Any CPU
	EndGlobalSection
	GlobalSection(ProjectConfigurationPlatforms) = postSolution
		{0B3D664A-A904-416C-A326-D98FC3D0E4FE}.Debug|Any CPU.ActiveCfg = Debug|Any CPU
		{0B3D664A-A904-416C-A326-D98FC3D0E4FE}.Debug|Any CPU.Build.0 = Debug|Any CPU
		{0B3D664A-A904-416C-A326-D98FC3D0E4FE}.Release|Any CPU.ActiveCfg = Release|Any CPU
		{0B3D664A-A904-416C-A326-D98FC3D0E4FE}.Release|Any CPU.Build.0 = Release|Any CPU
		{70796639-ADA0-4F90-AFFB-5147E668E38F}.Debug|Any CPU.ActiveCfg = Debug|Any CPU
		{70796639-ADA0-4F90-AFFB-5147E668E38F}.Debug|Any CPU.Build.0 = Debug|Any CPU
		{70796639-ADA0-4F90-AFFB-5147E668E38F}.Release|Any CPU.ActiveCfg = Release|Any CPU
		{70796639-ADA0-4F90-AFFB-5147E668E38F}.Release|Any CPU.Build.0 = Release|Any CPU
	EndGlobalSection
EndGlobal
